// !$*UTF8*$!
{
	archiveVersion = 1;
	classes = {
	};
	objectVersion = 55;
	objects = {

/* Begin PBXBuildFile section */
		2D2E23DC28F1F5A200516BAD /* BookmarksViewController.swift in Sources */ = {isa = PBXBuildFile; fileRef = 2D2E23DB28F1F5A200516BAD /* BookmarksViewController.swift */; };
		2D2E23DE28F1F6CA00516BAD /* BookmarksDetailViewController.swift in Sources */ = {isa = PBXBuildFile; fileRef = 2D2E23DD28F1F6CA00516BAD /* BookmarksDetailViewController.swift */; };
		2D530E7428F22B76004F4353 /* HomeDetailViewController.swift in Sources */ = {isa = PBXBuildFile; fileRef = 2D530E7328F22B76004F4353 /* HomeDetailViewController.swift */; };
		2D565CB328EE1F0A0063BA35 /* HotelsDetailViewModel.swift in Sources */ = {isa = PBXBuildFile; fileRef = 2D565CB228EE1F0A0063BA35 /* HotelsDetailViewModel.swift */; };
		2D5CE40A28F1734200DEC6AA /* HotelDetailData.swift in Sources */ = {isa = PBXBuildFile; fileRef = 2D5CE40928F1734200DEC6AA /* HotelDetailData.swift */; };
		2D5CE40D28F173AA00DEC6AA /* HotelCoreDataManager.swift in Sources */ = {isa = PBXBuildFile; fileRef = 2D5CE40C28F173AA00DEC6AA /* HotelCoreDataManager.swift */; };
		2D5CE40F28F1875A00DEC6AA /* BookmarkViewModel.swift in Sources */ = {isa = PBXBuildFile; fileRef = 2D5CE40E28F1875A00DEC6AA /* BookmarkViewModel.swift */; };
		2D64132D28F4D1C90037B94C /* OperationTableViewCell.swift in Sources */ = {isa = PBXBuildFile; fileRef = 2D64132B28F4D1C90037B94C /* OperationTableViewCell.swift */; };
		2D64132E28F4D1C90037B94C /* OperationTableViewCell.xib in Resources */ = {isa = PBXBuildFile; fileRef = 2D64132C28F4D1C90037B94C /* OperationTableViewCell.xib */; };
		2D64133028F4D4830037B94C /* DisplayCellItem.swift in Sources */ = {isa = PBXBuildFile; fileRef = 2D64132F28F4D4830037B94C /* DisplayCellItem.swift */; };
		2DA9863328ED839A00038BC9 /* AppDelegate.swift in Sources */ = {isa = PBXBuildFile; fileRef = 2DA9863228ED839A00038BC9 /* AppDelegate.swift */; };
		2DA9863528ED839A00038BC9 /* SceneDelegate.swift in Sources */ = {isa = PBXBuildFile; fileRef = 2DA9863428ED839A00038BC9 /* SceneDelegate.swift */; };
		2DA9863728ED839A00038BC9 /* HomeViewController.swift in Sources */ = {isa = PBXBuildFile; fileRef = 2DA9863628ED839A00038BC9 /* HomeViewController.swift */; };
		2DA9863A28ED839A00038BC9 /* Main.storyboard in Resources */ = {isa = PBXBuildFile; fileRef = 2DA9863828ED839A00038BC9 /* Main.storyboard */; };
		2DA9863D28ED839A00038BC9 /* TravelBook.xcdatamodeld in Sources */ = {isa = PBXBuildFile; fileRef = 2DA9863B28ED839A00038BC9 /* TravelBook.xcdatamodeld */; };
		2DA9863F28ED839C00038BC9 /* Assets.xcassets in Resources */ = {isa = PBXBuildFile; fileRef = 2DA9863E28ED839C00038BC9 /* Assets.xcassets */; };
		2DA9864228ED839C00038BC9 /* LaunchScreen.storyboard in Resources */ = {isa = PBXBuildFile; fileRef = 2DA9864028ED839C00038BC9 /* LaunchScreen.storyboard */; };
		2DD4544E28ED8A0E004A720C /* HotelsViewController.swift in Sources */ = {isa = PBXBuildFile; fileRef = 2DD4544D28ED8A0E004A720C /* HotelsViewController.swift */; };
		2DD4545028ED8A1C004A720C /* HotelsViewModel.swift in Sources */ = {isa = PBXBuildFile; fileRef = 2DD4544F28ED8A1C004A720C /* HotelsViewModel.swift */; };
		2DD4545528ED8A68004A720C /* FlightsViewController.swift in Sources */ = {isa = PBXBuildFile; fileRef = 2DD4545428ED8A68004A720C /* FlightsViewController.swift */; };
		2DD4545728ED8A9D004A720C /* FlightsViewModel.swift in Sources */ = {isa = PBXBuildFile; fileRef = 2DD4545628ED8A9D004A720C /* FlightsViewModel.swift */; };
		2DD4545928ED8AAF004A720C /* FlightsDetailViewController.swift in Sources */ = {isa = PBXBuildFile; fileRef = 2DD4545828ED8AAF004A720C /* FlightsDetailViewController.swift */; };
		2DD4545D28ED8AE7004A720C /* SearchViewController.swift in Sources */ = {isa = PBXBuildFile; fileRef = 2DD4545C28ED8AE7004A720C /* SearchViewController.swift */; };
		2DD4545F28ED8B62004A720C /* HotelsDetailViewController.swift in Sources */ = {isa = PBXBuildFile; fileRef = 2DD4545E28ED8B62004A720C /* HotelsDetailViewController.swift */; };
		2DD4546328ED90C2004A720C /* FlightsNetworkManager.swift in Sources */ = {isa = PBXBuildFile; fileRef = 2DD4546228ED90C2004A720C /* FlightsNetworkManager.swift */; };
		2DD4546528ED90D8004A720C /* FlightsNetworkModel.swift in Sources */ = {isa = PBXBuildFile; fileRef = 2DD4546428ED90D8004A720C /* FlightsNetworkModel.swift */; };
		2DD4546728ED90EB004A720C /* HotelsNetworkManager.swift in Sources */ = {isa = PBXBuildFile; fileRef = 2DD4546628ED90EB004A720C /* HotelsNetworkManager.swift */; };
		2DD4546928ED90F7004A720C /* HotelsNetworkModel.swift in Sources */ = {isa = PBXBuildFile; fileRef = 2DD4546828ED90F7004A720C /* HotelsNetworkModel.swift */; };
		2DD4546D28ED9142004A720C /* HomeCollectionViewCell.swift in Sources */ = {isa = PBXBuildFile; fileRef = 2DD4546B28ED9142004A720C /* HomeCollectionViewCell.swift */; };
		2DD4546E28ED9142004A720C /* HomeCollectionViewCell.xib in Resources */ = {isa = PBXBuildFile; fileRef = 2DD4546C28ED9142004A720C /* HomeCollectionViewCell.xib */; };
		2DD4547028ED9167004A720C /* HomeCollectionViewCellModel.swift in Sources */ = {isa = PBXBuildFile; fileRef = 2DD4546F28ED9167004A720C /* HomeCollectionViewCellModel.swift */; };
		2DD4547228ED960F004A720C /* HomeViewModel.swift in Sources */ = {isa = PBXBuildFile; fileRef = 2DD4547128ED960F004A720C /* HomeViewModel.swift */; };
		2DD4547528ED964D004A720C /* HotelsTableViewCell.swift in Sources */ = {isa = PBXBuildFile; fileRef = 2DD4547328ED964D004A720C /* HotelsTableViewCell.swift */; };
		2DD4547628ED964D004A720C /* HotelsTableViewCell.xib in Resources */ = {isa = PBXBuildFile; fileRef = 2DD4547428ED964D004A720C /* HotelsTableViewCell.xib */; };
		2DD4547828ED965E004A720C /* HotelsTableViewCellModel.swift in Sources */ = {isa = PBXBuildFile; fileRef = 2DD4547728ED965E004A720C /* HotelsTableViewCellModel.swift */; };
		2DD4547C28ED98B1004A720C /* FlightsTableViewCell.swift in Sources */ = {isa = PBXBuildFile; fileRef = 2DD4547A28ED98B1004A720C /* FlightsTableViewCell.swift */; };
		2DD4547D28ED98B1004A720C /* FlightsTableViewCell.xib in Resources */ = {isa = PBXBuildFile; fileRef = 2DD4547B28ED98B1004A720C /* FlightsTableViewCell.xib */; };
		2DD4547F28ED98C8004A720C /* FlightsTableViewCellModel.swift in Sources */ = {isa = PBXBuildFile; fileRef = 2DD4547E28ED98C8004A720C /* FlightsTableViewCellModel.swift */; };
		2DD4548128EDBFB3004A720C /* HotelsDetailNetworkModel.swift in Sources */ = {isa = PBXBuildFile; fileRef = 2DD4548028EDBFB3004A720C /* HotelsDetailNetworkModel.swift */; };
		2DD74E7F28EF099800444F87 /* FlightsDetailViewModel.swift in Sources */ = {isa = PBXBuildFile; fileRef = 2DD74E7E28EF099800444F87 /* FlightsDetailViewModel.swift */; };
		2DDB3ABC28F2F4E400E7FAAB /* SearchDetailViewController.swift in Sources */ = {isa = PBXBuildFile; fileRef = 2DDB3ABB28F2F4E400E7FAAB /* SearchDetailViewController.swift */; };
		2DDB3ABE28F2F4F400E7FAAB /* SearchViewModel.swift in Sources */ = {isa = PBXBuildFile; fileRef = 2DDB3ABD28F2F4F400E7FAAB /* SearchViewModel.swift */; };
/* End PBXBuildFile section */

/* Begin PBXFileReference section */
		2D2E23DB28F1F5A200516BAD /* BookmarksViewController.swift */ = {isa = PBXFileReference; lastKnownFileType = sourcecode.swift; path = BookmarksViewController.swift; sourceTree = "<group>"; };
		2D2E23DD28F1F6CA00516BAD /* BookmarksDetailViewController.swift */ = {isa = PBXFileReference; lastKnownFileType = sourcecode.swift; path = BookmarksDetailViewController.swift; sourceTree = "<group>"; };
		2D530E7328F22B76004F4353 /* HomeDetailViewController.swift */ = {isa = PBXFileReference; lastKnownFileType = sourcecode.swift; path = HomeDetailViewController.swift; sourceTree = "<group>"; };
		2D565CB228EE1F0A0063BA35 /* HotelsDetailViewModel.swift */ = {isa = PBXFileReference; lastKnownFileType = sourcecode.swift; path = HotelsDetailViewModel.swift; sourceTree = "<group>"; };
		2D5CE40928F1734200DEC6AA /* HotelDetailData.swift */ = {isa = PBXFileReference; lastKnownFileType = sourcecode.swift; path = HotelDetailData.swift; sourceTree = "<group>"; };
		2D5CE40C28F173AA00DEC6AA /* HotelCoreDataManager.swift */ = {isa = PBXFileReference; lastKnownFileType = sourcecode.swift; path = HotelCoreDataManager.swift; sourceTree = "<group>"; };
		2D5CE40E28F1875A00DEC6AA /* BookmarkViewModel.swift */ = {isa = PBXFileReference; lastKnownFileType = sourcecode.swift; path = BookmarkViewModel.swift; sourceTree = "<group>"; };
		2D64132B28F4D1C90037B94C /* OperationTableViewCell.swift */ = {isa = PBXFileReference; lastKnownFileType = sourcecode.swift; path = OperationTableViewCell.swift; sourceTree = "<group>"; };
		2D64132C28F4D1C90037B94C /* OperationTableViewCell.xib */ = {isa = PBXFileReference; lastKnownFileType = file.xib; path = OperationTableViewCell.xib; sourceTree = "<group>"; };
		2D64132F28F4D4830037B94C /* DisplayCellItem.swift */ = {isa = PBXFileReference; lastKnownFileType = sourcecode.swift; path = DisplayCellItem.swift; sourceTree = "<group>"; };
		2DA9862F28ED839A00038BC9 /* TravelBook.app */ = {isa = PBXFileReference; explicitFileType = wrapper.application; includeInIndex = 0; path = TravelBook.app; sourceTree = BUILT_PRODUCTS_DIR; };
		2DA9863228ED839A00038BC9 /* AppDelegate.swift */ = {isa = PBXFileReference; lastKnownFileType = sourcecode.swift; path = AppDelegate.swift; sourceTree = "<group>"; };
		2DA9863428ED839A00038BC9 /* SceneDelegate.swift */ = {isa = PBXFileReference; lastKnownFileType = sourcecode.swift; path = SceneDelegate.swift; sourceTree = "<group>"; };
		2DA9863628ED839A00038BC9 /* HomeViewController.swift */ = {isa = PBXFileReference; lastKnownFileType = sourcecode.swift; path = HomeViewController.swift; sourceTree = "<group>"; };
		2DA9863928ED839A00038BC9 /* Base */ = {isa = PBXFileReference; lastKnownFileType = file.storyboard; name = Base; path = Base.lproj/Main.storyboard; sourceTree = "<group>"; };
		2DA9863C28ED839A00038BC9 /* TravelBook.xcdatamodel */ = {isa = PBXFileReference; lastKnownFileType = wrapper.xcdatamodel; path = TravelBook.xcdatamodel; sourceTree = "<group>"; };
		2DA9863E28ED839C00038BC9 /* Assets.xcassets */ = {isa = PBXFileReference; lastKnownFileType = folder.assetcatalog; path = Assets.xcassets; sourceTree = "<group>"; };
		2DA9864128ED839C00038BC9 /* Base */ = {isa = PBXFileReference; lastKnownFileType = file.storyboard; name = Base; path = Base.lproj/LaunchScreen.storyboard; sourceTree = "<group>"; };
		2DA9864328ED839C00038BC9 /* Info.plist */ = {isa = PBXFileReference; lastKnownFileType = text.plist.xml; path = Info.plist; sourceTree = "<group>"; };
		2DD4544D28ED8A0E004A720C /* HotelsViewController.swift */ = {isa = PBXFileReference; lastKnownFileType = sourcecode.swift; path = HotelsViewController.swift; sourceTree = "<group>"; };
		2DD4544F28ED8A1C004A720C /* HotelsViewModel.swift */ = {isa = PBXFileReference; lastKnownFileType = sourcecode.swift; path = HotelsViewModel.swift; sourceTree = "<group>"; };
		2DD4545428ED8A68004A720C /* FlightsViewController.swift */ = {isa = PBXFileReference; lastKnownFileType = sourcecode.swift; path = FlightsViewController.swift; sourceTree = "<group>"; };
		2DD4545628ED8A9D004A720C /* FlightsViewModel.swift */ = {isa = PBXFileReference; lastKnownFileType = sourcecode.swift; path = FlightsViewModel.swift; sourceTree = "<group>"; };
		2DD4545828ED8AAF004A720C /* FlightsDetailViewController.swift */ = {isa = PBXFileReference; lastKnownFileType = sourcecode.swift; path = FlightsDetailViewController.swift; sourceTree = "<group>"; };
		2DD4545C28ED8AE7004A720C /* SearchViewController.swift */ = {isa = PBXFileReference; lastKnownFileType = sourcecode.swift; path = SearchViewController.swift; sourceTree = "<group>"; };
		2DD4545E28ED8B62004A720C /* HotelsDetailViewController.swift */ = {isa = PBXFileReference; lastKnownFileType = sourcecode.swift; path = HotelsDetailViewController.swift; sourceTree = "<group>"; };
		2DD4546228ED90C2004A720C /* FlightsNetworkManager.swift */ = {isa = PBXFileReference; lastKnownFileType = sourcecode.swift; path = FlightsNetworkManager.swift; sourceTree = "<group>"; };
		2DD4546428ED90D8004A720C /* FlightsNetworkModel.swift */ = {isa = PBXFileReference; lastKnownFileType = sourcecode.swift; path = FlightsNetworkModel.swift; sourceTree = "<group>"; };
		2DD4546628ED90EB004A720C /* HotelsNetworkManager.swift */ = {isa = PBXFileReference; lastKnownFileType = sourcecode.swift; path = HotelsNetworkManager.swift; sourceTree = "<group>"; };
		2DD4546828ED90F7004A720C /* HotelsNetworkModel.swift */ = {isa = PBXFileReference; lastKnownFileType = sourcecode.swift; path = HotelsNetworkModel.swift; sourceTree = "<group>"; };
		2DD4546B28ED9142004A720C /* HomeCollectionViewCell.swift */ = {isa = PBXFileReference; lastKnownFileType = sourcecode.swift; path = HomeCollectionViewCell.swift; sourceTree = "<group>"; };
		2DD4546C28ED9142004A720C /* HomeCollectionViewCell.xib */ = {isa = PBXFileReference; lastKnownFileType = file.xib; path = HomeCollectionViewCell.xib; sourceTree = "<group>"; };
		2DD4546F28ED9167004A720C /* HomeCollectionViewCellModel.swift */ = {isa = PBXFileReference; lastKnownFileType = sourcecode.swift; path = HomeCollectionViewCellModel.swift; sourceTree = "<group>"; };
		2DD4547128ED960F004A720C /* HomeViewModel.swift */ = {isa = PBXFileReference; lastKnownFileType = sourcecode.swift; path = HomeViewModel.swift; sourceTree = "<group>"; };
		2DD4547328ED964D004A720C /* HotelsTableViewCell.swift */ = {isa = PBXFileReference; lastKnownFileType = sourcecode.swift; path = HotelsTableViewCell.swift; sourceTree = "<group>"; };
		2DD4547428ED964D004A720C /* HotelsTableViewCell.xib */ = {isa = PBXFileReference; lastKnownFileType = file.xib; path = HotelsTableViewCell.xib; sourceTree = "<group>"; };
		2DD4547728ED965E004A720C /* HotelsTableViewCellModel.swift */ = {isa = PBXFileReference; lastKnownFileType = sourcecode.swift; path = HotelsTableViewCellModel.swift; sourceTree = "<group>"; };
		2DD4547A28ED98B1004A720C /* FlightsTableViewCell.swift */ = {isa = PBXFileReference; lastKnownFileType = sourcecode.swift; path = FlightsTableViewCell.swift; sourceTree = "<group>"; };
		2DD4547B28ED98B1004A720C /* FlightsTableViewCell.xib */ = {isa = PBXFileReference; lastKnownFileType = file.xib; path = FlightsTableViewCell.xib; sourceTree = "<group>"; };
		2DD4547E28ED98C8004A720C /* FlightsTableViewCellModel.swift */ = {isa = PBXFileReference; lastKnownFileType = sourcecode.swift; path = FlightsTableViewCellModel.swift; sourceTree = "<group>"; };
		2DD4548028EDBFB3004A720C /* HotelsDetailNetworkModel.swift */ = {isa = PBXFileReference; lastKnownFileType = sourcecode.swift; path = HotelsDetailNetworkModel.swift; sourceTree = "<group>"; };
		2DD74E7E28EF099800444F87 /* FlightsDetailViewModel.swift */ = {isa = PBXFileReference; lastKnownFileType = sourcecode.swift; path = FlightsDetailViewModel.swift; sourceTree = "<group>"; };
		2DDB3ABB28F2F4E400E7FAAB /* SearchDetailViewController.swift */ = {isa = PBXFileReference; lastKnownFileType = sourcecode.swift; path = SearchDetailViewController.swift; sourceTree = "<group>"; };
		2DDB3ABD28F2F4F400E7FAAB /* SearchViewModel.swift */ = {isa = PBXFileReference; lastKnownFileType = sourcecode.swift; path = SearchViewModel.swift; sourceTree = "<group>"; };
/* End PBXFileReference section */

/* Begin PBXFrameworksBuildPhase section */
		2DA9862C28ED839A00038BC9 /* Frameworks */ = {
			isa = PBXFrameworksBuildPhase;
			buildActionMask = 2147483647;
			files = (
			);
			runOnlyForDeploymentPostprocessing = 0;
		};
/* End PBXFrameworksBuildPhase section */

/* Begin PBXGroup section */
		2D5CE40B28F1738800DEC6AA /* CoreData */ = {
			isa = PBXGroup;
			children = (
				2D5CE40C28F173AA00DEC6AA /* HotelCoreDataManager.swift */,
			);
			path = CoreData;
			sourceTree = "<group>";
		};
		2D64132A28F4D18C0037B94C /* Cell */ = {
			isa = PBXGroup;
			children = (
				2D64132B28F4D1C90037B94C /* OperationTableViewCell.swift */,
				2D64132C28F4D1C90037B94C /* OperationTableViewCell.xib */,
			);
			path = Cell;
			sourceTree = "<group>";
		};
		2DA9862628ED839A00038BC9 = {
			isa = PBXGroup;
			children = (
				2DA9863128ED839A00038BC9 /* TravelBook */,
				2DA9863028ED839A00038BC9 /* Products */,
			);
			sourceTree = "<group>";
		};
		2DA9863028ED839A00038BC9 /* Products */ = {
			isa = PBXGroup;
			children = (
				2DA9862F28ED839A00038BC9 /* TravelBook.app */,
			);
			name = Products;
			sourceTree = "<group>";
		};
		2DA9863128ED839A00038BC9 /* TravelBook */ = {
			isa = PBXGroup;
			children = (
				2D5CE40B28F1738800DEC6AA /* CoreData */,
				2DD4544C28ED89AB004A720C /* Network */,
				2DD4544B28ED8993004A720C /* Screens */,
				2DD4544328ED891C004A720C /* Assets */,
				2DD4544228ED8908004A720C /* App Files */,
				2DA9863828ED839A00038BC9 /* Main.storyboard */,
				2DA9864028ED839C00038BC9 /* LaunchScreen.storyboard */,
				2DA9864328ED839C00038BC9 /* Info.plist */,
				2DA9863B28ED839A00038BC9 /* TravelBook.xcdatamodeld */,
			);
			path = TravelBook;
			sourceTree = "<group>";
		};
		2DD4544228ED8908004A720C /* App Files */ = {
			isa = PBXGroup;
			children = (
				2DA9863228ED839A00038BC9 /* AppDelegate.swift */,
				2DA9863428ED839A00038BC9 /* SceneDelegate.swift */,
			);
			path = "App Files";
			sourceTree = "<group>";
		};
		2DD4544328ED891C004A720C /* Assets */ = {
			isa = PBXGroup;
			children = (
				2DA9863E28ED839C00038BC9 /* Assets.xcassets */,
			);
			path = Assets;
			sourceTree = "<group>";
		};
		2DD4544428ED8930004A720C /* Home View */ = {
			isa = PBXGroup;
			children = (
				2DD4546A28ED911D004A720C /* Cell */,
				2DA9863628ED839A00038BC9 /* HomeViewController.swift */,
				2DD4547128ED960F004A720C /* HomeViewModel.swift */,
				2D530E7328F22B76004F4353 /* HomeDetailViewController.swift */,
			);
			path = "Home View";
			sourceTree = "<group>";
		};
		2DD4544528ED8942004A720C /* SearchView */ = {
			isa = PBXGroup;
			children = (
				2D64132A28F4D18C0037B94C /* Cell */,
				2DD4545C28ED8AE7004A720C /* SearchViewController.swift */,
				2DDB3ABD28F2F4F400E7FAAB /* SearchViewModel.swift */,
				2DDB3ABB28F2F4E400E7FAAB /* SearchDetailViewController.swift */,
				2D64132F28F4D4830037B94C /* DisplayCellItem.swift */,
			);
			path = SearchView;
			sourceTree = "<group>";
		};
		2DD4544628ED8949004A720C /* Bookmarks View */ = {
			isa = PBXGroup;
			children = (
				2D5CE40E28F1875A00DEC6AA /* BookmarkViewModel.swift */,
				2D2E23DB28F1F5A200516BAD /* BookmarksViewController.swift */,
				2D2E23DD28F1F6CA00516BAD /* BookmarksDetailViewController.swift */,
			);
			path = "Bookmarks View";
			sourceTree = "<group>";
		};
		2DD4544728ED8956004A720C /* Fligths Detail */ = {
			isa = PBXGroup;
			children = (
				2DD4545828ED8AAF004A720C /* FlightsDetailViewController.swift */,
				2DD74E7E28EF099800444F87 /* FlightsDetailViewModel.swift */,
			);
			path = "Fligths Detail";
			sourceTree = "<group>";
		};
		2DD4544828ED8962004A720C /* Fligths View */ = {
			isa = PBXGroup;
			children = (
				2DD4547928ED9897004A720C /* Cell */,
				2DD4545428ED8A68004A720C /* FlightsViewController.swift */,
				2DD4545628ED8A9D004A720C /* FlightsViewModel.swift */,
			);
			path = "Fligths View";
			sourceTree = "<group>";
		};
		2DD4544928ED896A004A720C /* Hotels Detail View */ = {
			isa = PBXGroup;
			children = (
				2DD4545E28ED8B62004A720C /* HotelsDetailViewController.swift */,
				2D565CB228EE1F0A0063BA35 /* HotelsDetailViewModel.swift */,
				2D5CE40928F1734200DEC6AA /* HotelDetailData.swift */,
			);
			path = "Hotels Detail View";
			sourceTree = "<group>";
		};
		2DD4544A28ED8982004A720C /* Hotels View */ = {
			isa = PBXGroup;
			children = (
				2DD4545328ED8A4B004A720C /* Cell */,
				2DD4544D28ED8A0E004A720C /* HotelsViewController.swift */,
				2DD4544F28ED8A1C004A720C /* HotelsViewModel.swift */,
			);
			path = "Hotels View";
			sourceTree = "<group>";
		};
		2DD4544B28ED8993004A720C /* Screens */ = {
			isa = PBXGroup;
			children = (
				2DD4544A28ED8982004A720C /* Hotels View */,
				2DD4544928ED896A004A720C /* Hotels Detail View */,
				2DD4544828ED8962004A720C /* Fligths View */,
				2DD4544728ED8956004A720C /* Fligths Detail */,
				2DD4544628ED8949004A720C /* Bookmarks View */,
				2DD4544528ED8942004A720C /* SearchView */,
				2DD4544428ED8930004A720C /* Home View */,
			);
			path = Screens;
			sourceTree = "<group>";
		};
		2DD4544C28ED89AB004A720C /* Network */ = {
			isa = PBXGroup;
			children = (
				2DD4546028ED9093004A720C /* Flights */,
				2DD4546128ED90A3004A720C /* Hotels */,
			);
			path = Network;
			sourceTree = "<group>";
		};
		2DD4545328ED8A4B004A720C /* Cell */ = {
			isa = PBXGroup;
			children = (
				2DD4547328ED964D004A720C /* HotelsTableViewCell.swift */,
				2DD4547428ED964D004A720C /* HotelsTableViewCell.xib */,
				2DD4547728ED965E004A720C /* HotelsTableViewCellModel.swift */,
			);
			path = Cell;
			sourceTree = "<group>";
		};
		2DD4546028ED9093004A720C /* Flights */ = {
			isa = PBXGroup;
			children = (
				2DD4546228ED90C2004A720C /* FlightsNetworkManager.swift */,
				2DD4546428ED90D8004A720C /* FlightsNetworkModel.swift */,
			);
			path = Flights;
			sourceTree = "<group>";
		};
		2DD4546128ED90A3004A720C /* Hotels */ = {
			isa = PBXGroup;
			children = (
				2DD4546628ED90EB004A720C /* HotelsNetworkManager.swift */,
				2DD4546828ED90F7004A720C /* HotelsNetworkModel.swift */,
				2DD4548028EDBFB3004A720C /* HotelsDetailNetworkModel.swift */,
			);
			path = Hotels;
			sourceTree = "<group>";
		};
		2DD4546A28ED911D004A720C /* Cell */ = {
			isa = PBXGroup;
			children = (
				2DD4546B28ED9142004A720C /* HomeCollectionViewCell.swift */,
				2DD4546C28ED9142004A720C /* HomeCollectionViewCell.xib */,
				2DD4546F28ED9167004A720C /* HomeCollectionViewCellModel.swift */,
			);
			path = Cell;
			sourceTree = "<group>";
		};
		2DD4547928ED9897004A720C /* Cell */ = {
			isa = PBXGroup;
			children = (
				2DD4547A28ED98B1004A720C /* FlightsTableViewCell.swift */,
				2DD4547B28ED98B1004A720C /* FlightsTableViewCell.xib */,
				2DD4547E28ED98C8004A720C /* FlightsTableViewCellModel.swift */,
			);
			path = Cell;
			sourceTree = "<group>";
		};
/* End PBXGroup section */

/* Begin PBXNativeTarget section */
		2DA9862E28ED839A00038BC9 /* TravelBook */ = {
			isa = PBXNativeTarget;
			buildConfigurationList = 2DA9864628ED839C00038BC9 /* Build configuration list for PBXNativeTarget "TravelBook" */;
			buildPhases = (
				2DA9862B28ED839A00038BC9 /* Sources */,
				2DA9862C28ED839A00038BC9 /* Frameworks */,
				2DA9862D28ED839A00038BC9 /* Resources */,
			);
			buildRules = (
			);
			dependencies = (
			);
			name = TravelBook;
			productName = TravelBook;
			productReference = 2DA9862F28ED839A00038BC9 /* TravelBook.app */;
			productType = "com.apple.product-type.application";
		};
/* End PBXNativeTarget section */

/* Begin PBXProject section */
		2DA9862728ED839A00038BC9 /* Project object */ = {
			isa = PBXProject;
			attributes = {
				BuildIndependentTargetsInParallel = 1;
				LastSwiftUpdateCheck = 1340;
				LastUpgradeCheck = 1340;
				TargetAttributes = {
					2DA9862E28ED839A00038BC9 = {
						CreatedOnToolsVersion = 13.4.1;
					};
				};
			};
			buildConfigurationList = 2DA9862A28ED839A00038BC9 /* Build configuration list for PBXProject "TravelBook" */;
			compatibilityVersion = "Xcode 13.0";
			developmentRegion = en;
			hasScannedForEncodings = 0;
			knownRegions = (
				en,
				Base,
			);
			mainGroup = 2DA9862628ED839A00038BC9;
			productRefGroup = 2DA9863028ED839A00038BC9 /* Products */;
			projectDirPath = "";
			projectRoot = "";
			targets = (
				2DA9862E28ED839A00038BC9 /* TravelBook */,
			);
		};
/* End PBXProject section */

/* Begin PBXResourcesBuildPhase section */
		2DA9862D28ED839A00038BC9 /* Resources */ = {
			isa = PBXResourcesBuildPhase;
			buildActionMask = 2147483647;
			files = (
				2DA9864228ED839C00038BC9 /* LaunchScreen.storyboard in Resources */,
				2DA9863F28ED839C00038BC9 /* Assets.xcassets in Resources */,
				2DA9863A28ED839A00038BC9 /* Main.storyboard in Resources */,
				2DD4547D28ED98B1004A720C /* FlightsTableViewCell.xib in Resources */,
				2D64132E28F4D1C90037B94C /* OperationTableViewCell.xib in Resources */,
				2DD4547628ED964D004A720C /* HotelsTableViewCell.xib in Resources */,
				2DD4546E28ED9142004A720C /* HomeCollectionViewCell.xib in Resources */,
			);
			runOnlyForDeploymentPostprocessing = 0;
		};
/* End PBXResourcesBuildPhase section */

/* Begin PBXSourcesBuildPhase section */
		2DA9862B28ED839A00038BC9 /* Sources */ = {
			isa = PBXSourcesBuildPhase;
			buildActionMask = 2147483647;
			files = (
				2DDB3ABE28F2F4F400E7FAAB /* SearchViewModel.swift in Sources */,
				2D64132D28F4D1C90037B94C /* OperationTableViewCell.swift in Sources */,
				2D2E23DE28F1F6CA00516BAD /* BookmarksDetailViewController.swift in Sources */,
				2DD4547228ED960F004A720C /* HomeViewModel.swift in Sources */,
				2DD4545728ED8A9D004A720C /* FlightsViewModel.swift in Sources */,
				2DA9863D28ED839A00038BC9 /* TravelBook.xcdatamodeld in Sources */,
				2D5CE40F28F1875A00DEC6AA /* BookmarkViewModel.swift in Sources */,
				2DD4547F28ED98C8004A720C /* FlightsTableViewCellModel.swift in Sources */,
				2DA9863728ED839A00038BC9 /* HomeViewController.swift in Sources */,
				2DA9863328ED839A00038BC9 /* AppDelegate.swift in Sources */,
				2DD4545028ED8A1C004A720C /* HotelsViewModel.swift in Sources */,
				2DD4545D28ED8AE7004A720C /* SearchViewController.swift in Sources */,
				2DD4547C28ED98B1004A720C /* FlightsTableViewCell.swift in Sources */,
				2D2E23DC28F1F5A200516BAD /* BookmarksViewController.swift in Sources */,
				2DD4547828ED965E004A720C /* HotelsTableViewCellModel.swift in Sources */,
				2DD4544E28ED8A0E004A720C /* HotelsViewController.swift in Sources */,
				2D565CB328EE1F0A0063BA35 /* HotelsDetailViewModel.swift in Sources */,
				2DD74E7F28EF099800444F87 /* FlightsDetailViewModel.swift in Sources */,
				2DDB3ABC28F2F4E400E7FAAB /* SearchDetailViewController.swift in Sources */,
				2D5CE40A28F1734200DEC6AA /* HotelDetailData.swift in Sources */,
				2DD4545F28ED8B62004A720C /* HotelsDetailViewController.swift in Sources */,
				2DD4547528ED964D004A720C /* HotelsTableViewCell.swift in Sources */,
				2DD4548128EDBFB3004A720C /* HotelsDetailNetworkModel.swift in Sources */,
				2DD4546328ED90C2004A720C /* FlightsNetworkManager.swift in Sources */,
				2DD4546D28ED9142004A720C /* HomeCollectionViewCell.swift in Sources */,
				2D530E7428F22B76004F4353 /* HomeDetailViewController.swift in Sources */,
				2DD4546728ED90EB004A720C /* HotelsNetworkManager.swift in Sources */,
				2DD4546528ED90D8004A720C /* FlightsNetworkModel.swift in Sources */,
				2DD4545528ED8A68004A720C /* FlightsViewController.swift in Sources */,
				2DD4546928ED90F7004A720C /* HotelsNetworkModel.swift in Sources */,
				2DA9863528ED839A00038BC9 /* SceneDelegate.swift in Sources */,
				2DD4545928ED8AAF004A720C /* FlightsDetailViewController.swift in Sources */,
				2D64133028F4D4830037B94C /* DisplayCellItem.swift in Sources */,
				2D5CE40D28F173AA00DEC6AA /* HotelCoreDataManager.swift in Sources */,
				2DD4547028ED9167004A720C /* HomeCollectionViewCellModel.swift in Sources */,
			);
			runOnlyForDeploymentPostprocessing = 0;
		};
/* End PBXSourcesBuildPhase section */

/* Begin PBXVariantGroup section */
		2DA9863828ED839A00038BC9 /* Main.storyboard */ = {
			isa = PBXVariantGroup;
			children = (
				2DA9863928ED839A00038BC9 /* Base */,
			);
			name = Main.storyboard;
			sourceTree = "<group>";
		};
		2DA9864028ED839C00038BC9 /* LaunchScreen.storyboard */ = {
			isa = PBXVariantGroup;
			children = (
				2DA9864128ED839C00038BC9 /* Base */,
			);
			name = LaunchScreen.storyboard;
			sourceTree = "<group>";
		};
/* End PBXVariantGroup section */

/* Begin XCBuildConfiguration section */
		2DA9864428ED839C00038BC9 /* Debug */ = {
			isa = XCBuildConfiguration;
			buildSettings = {
				ALWAYS_SEARCH_USER_PATHS = NO;
				CLANG_ANALYZER_NONNULL = YES;
				CLANG_ANALYZER_NUMBER_OBJECT_CONVERSION = YES_AGGRESSIVE;
				CLANG_CXX_LANGUAGE_STANDARD = "gnu++17";
				CLANG_ENABLE_MODULES = YES;
				CLANG_ENABLE_OBJC_ARC = YES;
				CLANG_ENABLE_OBJC_WEAK = YES;
				CLANG_WARN_BLOCK_CAPTURE_AUTORELEASING = YES;
				CLANG_WARN_BOOL_CONVERSION = YES;
				CLANG_WARN_COMMA = YES;
				CLANG_WARN_CONSTANT_CONVERSION = YES;
				CLANG_WARN_DEPRECATED_OBJC_IMPLEMENTATIONS = YES;
				CLANG_WARN_DIRECT_OBJC_ISA_USAGE = YES_ERROR;
				CLANG_WARN_DOCUMENTATION_COMMENTS = YES;
				CLANG_WARN_EMPTY_BODY = YES;
				CLANG_WARN_ENUM_CONVERSION = YES;
				CLANG_WARN_INFINITE_RECURSION = YES;
				CLANG_WARN_INT_CONVERSION = YES;
				CLANG_WARN_NON_LITERAL_NULL_CONVERSION = YES;
				CLANG_WARN_OBJC_IMPLICIT_RETAIN_SELF = YES;
				CLANG_WARN_OBJC_LITERAL_CONVERSION = YES;
				CLANG_WARN_OBJC_ROOT_CLASS = YES_ERROR;
				CLANG_WARN_QUOTED_INCLUDE_IN_FRAMEWORK_HEADER = YES;
				CLANG_WARN_RANGE_LOOP_ANALYSIS = YES;
				CLANG_WARN_STRICT_PROTOTYPES = YES;
				CLANG_WARN_SUSPICIOUS_MOVE = YES;
				CLANG_WARN_UNGUARDED_AVAILABILITY = YES_AGGRESSIVE;
				CLANG_WARN_UNREACHABLE_CODE = YES;
				CLANG_WARN__DUPLICATE_METHOD_MATCH = YES;
				COPY_PHASE_STRIP = NO;
				DEBUG_INFORMATION_FORMAT = dwarf;
				ENABLE_STRICT_OBJC_MSGSEND = YES;
				ENABLE_TESTABILITY = YES;
				GCC_C_LANGUAGE_STANDARD = gnu11;
				GCC_DYNAMIC_NO_PIC = NO;
				GCC_NO_COMMON_BLOCKS = YES;
				GCC_OPTIMIZATION_LEVEL = 0;
				GCC_PREPROCESSOR_DEFINITIONS = (
					"DEBUG=1",
					"$(inherited)",
				);
				GCC_WARN_64_TO_32_BIT_CONVERSION = YES;
				GCC_WARN_ABOUT_RETURN_TYPE = YES_ERROR;
				GCC_WARN_UNDECLARED_SELECTOR = YES;
				GCC_WARN_UNINITIALIZED_AUTOS = YES_AGGRESSIVE;
				GCC_WARN_UNUSED_FUNCTION = YES;
				GCC_WARN_UNUSED_VARIABLE = YES;
				IPHONEOS_DEPLOYMENT_TARGET = 15.5;
				MTL_ENABLE_DEBUG_INFO = INCLUDE_SOURCE;
				MTL_FAST_MATH = YES;
				ONLY_ACTIVE_ARCH = YES;
				SDKROOT = iphoneos;
				SWIFT_ACTIVE_COMPILATION_CONDITIONS = DEBUG;
				SWIFT_OPTIMIZATION_LEVEL = "-Onone";
			};
			name = Debug;
		};
		2DA9864528ED839C00038BC9 /* Release */ = {
			isa = XCBuildConfiguration;
			buildSettings = {
				ALWAYS_SEARCH_USER_PATHS = NO;
				CLANG_ANALYZER_NONNULL = YES;
				CLANG_ANALYZER_NUMBER_OBJECT_CONVERSION = YES_AGGRESSIVE;
				CLANG_CXX_LANGUAGE_STANDARD = "gnu++17";
				CLANG_ENABLE_MODULES = YES;
				CLANG_ENABLE_OBJC_ARC = YES;
				CLANG_ENABLE_OBJC_WEAK = YES;
				CLANG_WARN_BLOCK_CAPTURE_AUTORELEASING = YES;
				CLANG_WARN_BOOL_CONVERSION = YES;
				CLANG_WARN_COMMA = YES;
				CLANG_WARN_CONSTANT_CONVERSION = YES;
				CLANG_WARN_DEPRECATED_OBJC_IMPLEMENTATIONS = YES;
				CLANG_WARN_DIRECT_OBJC_ISA_USAGE = YES_ERROR;
				CLANG_WARN_DOCUMENTATION_COMMENTS = YES;
				CLANG_WARN_EMPTY_BODY = YES;
				CLANG_WARN_ENUM_CONVERSION = YES;
				CLANG_WARN_INFINITE_RECURSION = YES;
				CLANG_WARN_INT_CONVERSION = YES;
				CLANG_WARN_NON_LITERAL_NULL_CONVERSION = YES;
				CLANG_WARN_OBJC_IMPLICIT_RETAIN_SELF = YES;
				CLANG_WARN_OBJC_LITERAL_CONVERSION = YES;
				CLANG_WARN_OBJC_ROOT_CLASS = YES_ERROR;
				CLANG_WARN_QUOTED_INCLUDE_IN_FRAMEWORK_HEADER = YES;
				CLANG_WARN_RANGE_LOOP_ANALYSIS = YES;
				CLANG_WARN_STRICT_PROTOTYPES = YES;
				CLANG_WARN_SUSPICIOUS_MOVE = YES;
				CLANG_WARN_UNGUARDED_AVAILABILITY = YES_AGGRESSIVE;
				CLANG_WARN_UNREACHABLE_CODE = YES;
				CLANG_WARN__DUPLICATE_METHOD_MATCH = YES;
				COPY_PHASE_STRIP = NO;
				DEBUG_INFORMATION_FORMAT = "dwarf-with-dsym";
				ENABLE_NS_ASSERTIONS = NO;
				ENABLE_STRICT_OBJC_MSGSEND = YES;
				GCC_C_LANGUAGE_STANDARD = gnu11;
				GCC_NO_COMMON_BLOCKS = YES;
				GCC_WARN_64_TO_32_BIT_CONVERSION = YES;
				GCC_WARN_ABOUT_RETURN_TYPE = YES_ERROR;
				GCC_WARN_UNDECLARED_SELECTOR = YES;
				GCC_WARN_UNINITIALIZED_AUTOS = YES_AGGRESSIVE;
				GCC_WARN_UNUSED_FUNCTION = YES;
				GCC_WARN_UNUSED_VARIABLE = YES;
				IPHONEOS_DEPLOYMENT_TARGET = 15.5;
				MTL_ENABLE_DEBUG_INFO = NO;
				MTL_FAST_MATH = YES;
				SDKROOT = iphoneos;
				SWIFT_COMPILATION_MODE = wholemodule;
				SWIFT_OPTIMIZATION_LEVEL = "-O";
				VALIDATE_PRODUCT = YES;
			};
			name = Release;
		};
		2DA9864728ED839C00038BC9 /* Debug */ = {
			isa = XCBuildConfiguration;
			buildSettings = {
				ASSETCATALOG_COMPILER_APPICON_NAME = AppIcon;
				ASSETCATALOG_COMPILER_GLOBAL_ACCENT_COLOR_NAME = AccentColor;
				CODE_SIGN_STYLE = Automatic;
				CURRENT_PROJECT_VERSION = 1;
				DEVELOPMENT_TEAM = BQBXWBWH9H;
				GENERATE_INFOPLIST_FILE = YES;
				INFOPLIST_FILE = TravelBook/Info.plist;
				INFOPLIST_KEY_UIApplicationSupportsIndirectInputEvents = YES;
				INFOPLIST_KEY_UILaunchStoryboardName = LaunchScreen;
				INFOPLIST_KEY_UIMainStoryboardFile = Main;
				INFOPLIST_KEY_UISupportedInterfaceOrientations_iPad = "UIInterfaceOrientationPortrait UIInterfaceOrientationPortraitUpsideDown UIInterfaceOrientationLandscapeLeft UIInterfaceOrientationLandscapeRight";
				INFOPLIST_KEY_UISupportedInterfaceOrientations_iPhone = "UIInterfaceOrientationPortrait UIInterfaceOrientationLandscapeLeft UIInterfaceOrientationLandscapeRight";
				LD_RUNPATH_SEARCH_PATHS = (
					"$(inherited)",
					"@executable_path/Frameworks",
				);
				MARKETING_VERSION = 1.0;
				PRODUCT_BUNDLE_IDENTIFIER = com.eyupemreaygun.TravelBook;
				PRODUCT_NAME = "$(TARGET_NAME)";
				SWIFT_EMIT_LOC_STRINGS = YES;
				SWIFT_VERSION = 5.0;
				TARGETED_DEVICE_FAMILY = "1,2";
			};
			name = Debug;
		};
		2DA9864828ED839C00038BC9 /* Release */ = {
			isa = XCBuildConfiguration;
			buildSettings = {
				ASSETCATALOG_COMPILER_APPICON_NAME = AppIcon;
				ASSETCATALOG_COMPILER_GLOBAL_ACCENT_COLOR_NAME = AccentColor;
				CODE_SIGN_STYLE = Automatic;
				CURRENT_PROJECT_VERSION = 1;
				DEVELOPMENT_TEAM = BQBXWBWH9H;
				GENERATE_INFOPLIST_FILE = YES;
				INFOPLIST_FILE = TravelBook/Info.plist;
				INFOPLIST_KEY_UIApplicationSupportsIndirectInputEvents = YES;
				INFOPLIST_KEY_UILaunchStoryboardName = LaunchScreen;
				INFOPLIST_KEY_UIMainStoryboardFile = Main;
				INFOPLIST_KEY_UISupportedInterfaceOrientations_iPad = "UIInterfaceOrientationPortrait UIInterfaceOrientationPortraitUpsideDown UIInterfaceOrientationLandscapeLeft UIInterfaceOrientationLandscapeRight";
				INFOPLIST_KEY_UISupportedInterfaceOrientations_iPhone = "UIInterfaceOrientationPortrait UIInterfaceOrientationLandscapeLeft UIInterfaceOrientationLandscapeRight";
				LD_RUNPATH_SEARCH_PATHS = (
					"$(inherited)",
					"@executable_path/Frameworks",
				);
				MARKETING_VERSION = 1.0;
				PRODUCT_BUNDLE_IDENTIFIER = com.eyupemreaygun.TravelBook;
				PRODUCT_NAME = "$(TARGET_NAME)";
				SWIFT_EMIT_LOC_STRINGS = YES;
				SWIFT_VERSION = 5.0;
				TARGETED_DEVICE_FAMILY = "1,2";
			};
			name = Release;
		};
/* End XCBuildConfiguration section */

/* Begin XCConfigurationList section */
		2DA9862A28ED839A00038BC9 /* Build configuration list for PBXProject "TravelBook" */ = {
			isa = XCConfigurationList;
			buildConfigurations = (
				2DA9864428ED839C00038BC9 /* Debug */,
				2DA9864528ED839C00038BC9 /* Release */,
			);
			defaultConfigurationIsVisible = 0;
			defaultConfigurationName = Release;
		};
		2DA9864628ED839C00038BC9 /* Build configuration list for PBXNativeTarget "TravelBook" */ = {
			isa = XCConfigurationList;
			buildConfigurations = (
				2DA9864728ED839C00038BC9 /* Debug */,
				2DA9864828ED839C00038BC9 /* Release */,
			);
			defaultConfigurationIsVisible = 0;
			defaultConfigurationName = Release;
		};
/* End XCConfigurationList section */

/* Begin XCVersionGroup section */
		2DA9863B28ED839A00038BC9 /* TravelBook.xcdatamodeld */ = {
			isa = XCVersionGroup;
			children = (
				2DA9863C28ED839A00038BC9 /* TravelBook.xcdatamodel */,
			);
			currentVersion = 2DA9863C28ED839A00038BC9 /* TravelBook.xcdatamodel */;
			path = TravelBook.xcdatamodeld;
			sourceTree = "<group>";
			versionGroupType = wrapper.xcdatamodel;
		};
/* End XCVersionGroup section */
	};
	rootObject = 2DA9862728ED839A00038BC9 /* Project object */;
}
